
Microsoft Visual Studio Solution File, Format Version 12.00
# Visual Studio Version 17
VisualStudioVersion = 17.11.35201.85
MinimumVisualStudioVersion = 10.0.40219.1
Project("{FAE04EC0-301F-11D3-BF4B-00C04F79EFBC}") = "UrlShorter", "UrlShorter.csproj", "{F6E7C9D7-A7C6-4E96-A132-3EC4F2CACAA6}"
EndProject
Global
	GlobalSection(SolutionConfigurationPlatforms) = preSolution
		Debug|Any CPU = Debug|Any CPU
		Release|Any CPU = Release|Any CPU
	EndGlobalSection
	GlobalSection(ProjectConfigurationPlatforms) = postSolution
		{F6E7C9D7-A7C6-4E96-A132-3EC4F2CACAA6}.Debug|Any CPU.ActiveCfg = Debug|Any CPU
		{F6E7C9D7-A7C6-4E96-A132-3EC4F2CACAA6}.Debug|Any CPU.Build.0 = Debug|Any CPU
		{F6E7C9D7-A7C6-4E96-A132-3EC4F2CACAA6}.Release|Any CPU.ActiveCfg = Release|Any CPU
		{F6E7C9D7-A7C6-4E96-A132-3EC4F2CACAA6}.Release|Any CPU.Build.0 = Release|Any CPU
	EndGlobalSection
	GlobalSection(SolutionProperties) = preSolution
		HideSolutionNode = FALSE
	EndGlobalSection
	GlobalSection(ExtensibilityGlobals) = postSolution
		SolutionGuid = {97C3D1AB-A7E0-4D0D-B13F-57EA12A10AD9}
	EndGlobalSection
EndGlobal
